// !$*UTF8*$!
{
	archiveVersion = 1;
	classes = {
	};
	objectVersion = 50;
	objects = {

/* Begin PBXBuildFile section */
		67355D20242A97DF00F4B47C /* AppDelegate.m in Sources */ = {isa = PBXBuildFile; fileRef = 67355D1F242A97DF00F4B47C /* AppDelegate.m */; };
		67355D23242A97DF00F4B47C /* SceneDelegate.m in Sources */ = {isa = PBXBuildFile; fileRef = 67355D22242A97DF00F4B47C /* SceneDelegate.m */; };
		67355D26242A97DF00F4B47C /* ViewController.m in Sources */ = {isa = PBXBuildFile; fileRef = 67355D25242A97DF00F4B47C /* ViewController.m */; };
		67355D29242A97DF00F4B47C /* Main.storyboard in Resources */ = {isa = PBXBuildFile; fileRef = 67355D27242A97DF00F4B47C /* Main.storyboard */; };
		67355D2B242A97E000F4B47C /* Assets.xcassets in Resources */ = {isa = PBXBuildFile; fileRef = 67355D2A242A97E000F4B47C /* Assets.xcassets */; };
		67355D2E242A97E000F4B47C /* LaunchScreen.storyboard in Resources */ = {isa = PBXBuildFile; fileRef = 67355D2C242A97E000F4B47C /* LaunchScreen.storyboard */; };
		67355D31242A97E000F4B47C /* main.m in Sources */ = {isa = PBXBuildFile; fileRef = 67355D30242A97E000F4B47C /* main.m */; };
		67355D3B242A97E000F4B47C /* EX2Tests.m in Sources */ = {isa = PBXBuildFile; fileRef = 67355D3A242A97E000F4B47C /* EX2Tests.m */; };
		67355D46242A97E000F4B47C /* EX2UITests.m in Sources */ = {isa = PBXBuildFile; fileRef = 67355D45242A97E000F4B47C /* EX2UITests.m */; };
/* End PBXBuildFile section */

/* Begin PBXContainerItemProxy section */
		67355D37242A97E000F4B47C /* PBXContainerItemProxy */ = {
			isa = PBXContainerItemProxy;
			containerPortal = 67355D13242A97DF00F4B47C /* Project object */;
			proxyType = 1;
			remoteGlobalIDString = 67355D1A242A97DF00F4B47C;
			remoteInfo = EX2;
		};
		67355D42242A97E000F4B47C /* PBXContainerItemProxy */ = {
			isa = PBXContainerItemProxy;
			containerPortal = 67355D13242A97DF00F4B47C /* Project object */;
			proxyType = 1;
			remoteGlobalIDString = 67355D1A242A97DF00F4B47C;
			remoteInfo = EX2;
		};
/* End PBXContainerItemProxy section */

/* Begin PBXFileReference section */
		67355D1B242A97DF00F4B47C /* EX2.app */ = {isa = PBXFileReference; explicitFileType = wrapper.application; includeInIndex = 0; path = EX2.app; sourceTree = BUILT_PRODUCTS_DIR; };
		67355D1E242A97DF00F4B47C /* AppDelegate.h */ = {isa = PBXFileReference; lastKnownFileType = sourcecode.c.h; path = AppDelegate.h; sourceTree = "<group>"; };
		67355D1F242A97DF00F4B47C /* AppDelegate.m */ = {isa = PBXFileReference; lastKnownFileType = sourcecode.c.objc; path = AppDelegate.m; sourceTree = "<group>"; };
		67355D21242A97DF00F4B47C /* SceneDelegate.h */ = {isa = PBXFileReference; lastKnownFileType = sourcecode.c.h; path = SceneDelegate.h; sourceTree = "<group>"; };
		67355D22242A97DF00F4B47C /* SceneDelegate.m */ = {isa = PBXFileReference; lastKnownFileType = sourcecode.c.objc; path = SceneDelegate.m; sourceTree = "<group>"; };
		67355D24242A97DF00F4B47C /* ViewController.h */ = {isa = PBXFileReference; lastKnownFileType = sourcecode.c.h; path = ViewController.h; sourceTree = "<group>"; };
		67355D25242A97DF00F4B47C /* ViewController.m */ = {isa = PBXFileReference; lastKnownFileType = sourcecode.c.objc; path = ViewController.m; sourceTree = "<group>"; };
		67355D28242A97DF00F4B47C /* Base */ = {isa = PBXFileReference; lastKnownFileType = file.storyboard; name = Base; path = Base.lproj/Main.storyboard; sourceTree = "<group>"; };
		67355D2A242A97E000F4B47C /* Assets.xcassets */ = {isa = PBXFileReference; lastKnownFileType = folder.assetcatalog; path = Assets.xcassets; sourceTree = "<group>"; };
		67355D2D242A97E000F4B47C /* Base */ = {isa = PBXFileReference; lastKnownFileType = file.storyboard; name = Base; path = Base.lproj/LaunchScreen.storyboard; sourceTree = "<group>"; };
		67355D2F242A97E000F4B47C /* Info.plist */ = {isa = PBXFileReference; lastKnownFileType = text.plist.xml; path = Info.plist; sourceTree = "<group>"; };
		67355D30242A97E000F4B47C /* main.m */ = {isa = PBXFileReference; lastKnownFileType = sourcecode.c.objc; path = main.m; sourceTree = "<group>"; };
		67355D36242A97E000F4B47C /* EX2Tests.xctest */ = {isa = PBXFileReference; explicitFileType = wrapper.cfbundle; includeInIndex = 0; path = EX2Tests.xctest; sourceTree = BUILT_PRODUCTS_DIR; };
		67355D3A242A97E000F4B47C /* EX2Tests.m */ = {isa = PBXFileReference; lastKnownFileType = sourcecode.c.objc; path = EX2Tests.m; sourceTree = "<group>"; };
		67355D3C242A97E000F4B47C /* Info.plist */ = {isa = PBXFileReference; lastKnownFileType = text.plist.xml; path = Info.plist; sourceTree = "<group>"; };
		67355D41242A97E000F4B47C /* EX2UITests.xctest */ = {isa = PBXFileReference; explicitFileType = wrapper.cfbundle; includeInIndex = 0; path = EX2UITests.xctest; sourceTree = BUILT_PRODUCTS_DIR; };
		67355D45242A97E000F4B47C /* EX2UITests.m */ = {isa = PBXFileReference; lastKnownFileType = sourcecode.c.objc; path = EX2UITests.m; sourceTree = "<group>"; };
		67355D47242A97E000F4B47C /* Info.plist */ = {isa = PBXFileReference; lastKnownFileType = text.plist.xml; path = Info.plist; sourceTree = "<group>"; };
/* End PBXFileReference section */

/* Begin PBXFrameworksBuildPhase section */
		67355D18242A97DF00F4B47C /* Frameworks */ = {
			isa = PBXFrameworksBuildPhase;
			buildActionMask = 2147483647;
			files = (
			);
			runOnlyForDeploymentPostprocessing = 0;
		};
		67355D33242A97E000F4B47C /* Frameworks */ = {
			isa = PBXFrameworksBuildPhase;
			buildActionMask = 2147483647;
			files = (
			);
			runOnlyForDeploymentPostprocessing = 0;
		};
		67355D3E242A97E000F4B47C /* Frameworks */ = {
			isa = PBXFrameworksBuildPhase;
			buildActionMask = 2147483647;
			files = (
			);
			runOnlyForDeploymentPostprocessing = 0;
		};
/* End PBXFrameworksBuildPhase section */

/* Begin PBXGroup section */
		67355D12242A97DF00F4B47C = {
			isa = PBXGroup;
			children = (
				67355D1D242A97DF00F4B47C /* EX2 */,
				67355D39242A97E000F4B47C /* EX2Tests */,
				67355D44242A97E000F4B47C /* EX2UITests */,
				67355D1C242A97DF00F4B47C /* Products */,
			);
			sourceTree = "<group>";
		};
		67355D1C242A97DF00F4B47C /* Products */ = {
			isa = PBXGroup;
			children = (
				67355D1B242A97DF00F4B47C /* EX2.app */,
				67355D36242A97E000F4B47C /* EX2Tests.xctest */,
				67355D41242A97E000F4B47C /* EX2UITests.xctest */,
			);
			name = Products;
			sourceTree = "<group>";
		};
		67355D1D242A97DF00F4B47C /* EX2 */ = {
			isa = PBXGroup;
			children = (
				67355D1E242A97DF00F4B47C /* AppDelegate.h */,
				67355D1F242A97DF00F4B47C /* AppDelegate.m */,
				67355D21242A97DF00F4B47C /* SceneDelegate.h */,
				67355D22242A97DF00F4B47C /* SceneDelegate.m */,
				67355D24242A97DF00F4B47C /* ViewController.h */,
				67355D25242A97DF00F4B47C /* ViewController.m */,
				67355D27242A97DF00F4B47C /* Main.storyboard */,
				67355D2A242A97E000F4B47C /* Assets.xcassets */,
				67355D2C242A97E000F4B47C /* LaunchScreen.storyboard */,
				67355D2F242A97E000F4B47C /* Info.plist */,
				67355D30242A97E000F4B47C /* main.m */,
			);
			path = EX2;
			sourceTree = "<group>";
		};
		67355D39242A97E000F4B47C /* EX2Tests */ = {
			isa = PBXGroup;
			children = (
				67355D3A242A97E000F4B47C /* EX2Tests.m */,
				67355D3C242A97E000F4B47C /* Info.plist */,
			);
			path = EX2Tests;
			sourceTree = "<group>";
		};
		67355D44242A97E000F4B47C /* EX2UITests */ = {
			isa = PBXGroup;
			children = (
				67355D45242A97E000F4B47C /* EX2UITests.m */,
				67355D47242A97E000F4B47C /* Info.plist */,
			);
			path = EX2UITests;
			sourceTree = "<group>";
		};
/* End PBXGroup section */

/* Begin PBXNativeTarget section */
		67355D1A242A97DF00F4B47C /* EX2 */ = {
			isa = PBXNativeTarget;
			buildConfigurationList = 67355D4A242A97E000F4B47C /* Build configuration list for PBXNativeTarget "EX2" */;
			buildPhases = (
				67355D17242A97DF00F4B47C /* Sources */,
				67355D18242A97DF00F4B47C /* Frameworks */,
				67355D19242A97DF00F4B47C /* Resources */,
			);
			buildRules = (
			);
			dependencies = (
			);
			name = EX2;
			productName = EX2;
			productReference = 67355D1B242A97DF00F4B47C /* EX2.app */;
			productType = "com.apple.product-type.application";
		};
		67355D35242A97E000F4B47C /* EX2Tests */ = {
			isa = PBXNativeTarget;
			buildConfigurationList = 67355D4D242A97E000F4B47C /* Build configuration list for PBXNativeTarget "EX2Tests" */;
			buildPhases = (
				67355D32242A97E000F4B47C /* Sources */,
				67355D33242A97E000F4B47C /* Frameworks */,
				67355D34242A97E000F4B47C /* Resources */,
			);
			buildRules = (
			);
			dependencies = (
				67355D38242A97E000F4B47C /* PBXTargetDependency */,
			);
			name = EX2Tests;
			productName = EX2Tests;
			productReference = 67355D36242A97E000F4B47C /* EX2Tests.xctest */;
			productType = "com.apple.product-type.bundle.unit-test";
		};
		67355D40242A97E000F4B47C /* EX2UITests */ = {
			isa = PBXNativeTarget;
			buildConfigurationList = 67355D50242A97E000F4B47C /* Build configuration list for PBXNativeTarget "EX2UITests" */;
			buildPhases = (
				67355D3D242A97E000F4B47C /* Sources */,
				67355D3E242A97E000F4B47C /* Frameworks */,
				67355D3F242A97E000F4B47C /* Resources */,
			);
			buildRules = (
			);
			dependencies = (
				67355D43242A97E000F4B47C /* PBXTargetDependency */,
			);
			name = EX2UITests;
			productName = EX2UITests;
			productReference = 67355D41242A97E000F4B47C /* EX2UITests.xctest */;
			productType = "com.apple.product-type.bundle.ui-testing";
		};
/* End PBXNativeTarget section */

/* Begin PBXProject section */
		67355D13242A97DF00F4B47C /* Project object */ = {
			isa = PBXProject;
			attributes = {
				LastUpgradeCheck = 1130;
				ORGANIZATIONNAME = "Desenvolvedor Mobits";
				TargetAttributes = {
					67355D1A242A97DF00F4B47C = {
						CreatedOnToolsVersion = 11.3;
					};
					67355D35242A97E000F4B47C = {
						CreatedOnToolsVersion = 11.3;
						TestTargetID = 67355D1A242A97DF00F4B47C;
					};
					67355D40242A97E000F4B47C = {
						CreatedOnToolsVersion = 11.3;
						TestTargetID = 67355D1A242A97DF00F4B47C;
					};
				};
			};
			buildConfigurationList = 67355D16242A97DF00F4B47C /* Build configuration list for PBXProject "EX2" */;
			compatibilityVersion = "Xcode 9.3";
			developmentRegion = en;
			hasScannedForEncodings = 0;
			knownRegions = (
				en,
				Base,
			);
			mainGroup = 67355D12242A97DF00F4B47C;
			productRefGroup = 67355D1C242A97DF00F4B47C /* Products */;
			projectDirPath = "";
			projectRoot = "";
			targets = (
				67355D1A242A97DF00F4B47C /* EX2 */,
				67355D35242A97E000F4B47C /* EX2Tests */,
				67355D40242A97E000F4B47C /* EX2UITests */,
			);
		};
/* End PBXProject section */

/* Begin PBXResourcesBuildPhase section */
		67355D19242A97DF00F4B47C /* Resources */ = {
			isa = PBXResourcesBuildPhase;
			buildActionMask = 2147483647;
			files = (
				67355D2E242A97E000F4B47C /* LaunchScreen.storyboard in Resources */,
				67355D2B242A97E000F4B47C /* Assets.xcassets in Resources */,
				67355D29242A97DF00F4B47C /* Main.storyboard in Resources */,
			);
			runOnlyForDeploymentPostprocessing = 0;
		};
		67355D34242A97E000F4B47C /* Resources */ = {
			isa = PBXResourcesBuildPhase;
			buildActionMask = 2147483647;
			files = (
			);
			runOnlyForDeploymentPostprocessing = 0;
		};
		67355D3F242A97E000F4B47C /* Resources */ = {
			isa = PBXResourcesBuildPhase;
			buildActionMask = 2147483647;
			files = (
			);
			runOnlyForDeploymentPostprocessing = 0;
		};
/* End PBXResourcesBuildPhase section */

/* Begin PBXSourcesBuildPhase section */
		67355D17242A97DF00F4B47C /* Sources */ = {
			isa = PBXSourcesBuildPhase;
			buildActionMask = 2147483647;
			files = (
				67355D26242A97DF00F4B47C /* ViewController.m in Sources */,
				67355D20242A97DF00F4B47C /* AppDelegate.m in Sources */,
				67355D31242A97E000F4B47C /* main.m in Sources */,
				67355D23242A97DF00F4B47C /* SceneDelegate.m in Sources */,
			);
			runOnlyForDeploymentPostprocessing = 0;
		};
		67355D32242A97E000F4B47C /* Sources */ = {
			isa = PBXSourcesBuildPhase;
			buildActionMask = 2147483647;
			files = (
				67355D3B242A97E000F4B47C /* EX2Tests.m in Sources */,
			);
			runOnlyForDeploymentPostprocessing = 0;
		};
		67355D3D242A97E000F4B47C /* Sources */ = {
			isa = PBXSourcesBuildPhase;
			buildActionMask = 2147483647;
			files = (
				67355D46242A97E000F4B47C /* EX2UITests.m in Sources */,
			);
			runOnlyForDeploymentPostprocessing = 0;
		};
/* End PBXSourcesBuildPhase section */

/* Begin PBXTargetDependency section */
		67355D38242A97E000F4B47C /* PBXTargetDependency */ = {
			isa = PBXTargetDependency;
			target = 67355D1A242A97DF00F4B47C /* EX2 */;
			targetProxy = 67355D37242A97E000F4B47C /* PBXContainerItemProxy */;
		};
		67355D43242A97E000F4B47C /* PBXTargetDependency */ = {
			isa = PBXTargetDependency;
			target = 67355D1A242A97DF00F4B47C /* EX2 */;
			targetProxy = 67355D42242A97E000F4B47C /* PBXContainerItemProxy */;
		};
/* End PBXTargetDependency section */

/* Begin PBXVariantGroup section */
		67355D27242A97DF00F4B47C /* Main.storyboard */ = {
			isa = PBXVariantGroup;
			children = (
				67355D28242A97DF00F4B47C /* Base */,
			);
			name = Main.storyboard;
			sourceTree = "<group>";
		};
		67355D2C242A97E000F4B47C /* LaunchScreen.storyboard */ = {
			isa = PBXVariantGroup;
			children = (
				67355D2D242A97E000F4B47C /* Base */,
			);
			name = LaunchScreen.storyboard;
			sourceTree = "<group>";
		};
/* End PBXVariantGroup section */

/* Begin XCBuildConfiguration section */
		67355D48242A97E000F4B47C /* Debug */ = {
			isa = XCBuildConfiguration;
			buildSettings = {
				ALWAYS_SEARCH_USER_PATHS = NO;
				CLANG_ANALYZER_NONNULL = YES;
				CLANG_ANALYZER_NUMBER_OBJECT_CONVERSION = YES_AGGRESSIVE;
				CLANG_CXX_LANGUAGE_STANDARD = "gnu++14";
				CLANG_CXX_LIBRARY = "libc++";
				CLANG_ENABLE_MODULES = YES;
				CLANG_ENABLE_OBJC_ARC = YES;
				CLANG_ENABLE_OBJC_WEAK = YES;
				CLANG_WARN_BLOCK_CAPTURE_AUTORELEASING = YES;
				CLANG_WARN_BOOL_CONVERSION = YES;
				CLANG_WARN_COMMA = YES;
				CLANG_WARN_CONSTANT_CONVERSION = YES;
				CLANG_WARN_DEPRECATED_OBJC_IMPLEMENTATIONS = YES;
				CLANG_WARN_DIRECT_OBJC_ISA_USAGE = YES_ERROR;
				CLANG_WARN_DOCUMENTATION_COMMENTS = YES;
				CLANG_WARN_EMPTY_BODY = YES;
				CLANG_WARN_ENUM_CONVERSION = YES;
				CLANG_WARN_INFINITE_RECURSION = YES;
				CLANG_WARN_INT_CONVERSION = YES;
				CLANG_WARN_NON_LITERAL_NULL_CONVERSION = YES;
				CLANG_WARN_OBJC_IMPLICIT_RETAIN_SELF = YES;
				CLANG_WARN_OBJC_LITERAL_CONVERSION = YES;
				CLANG_WARN_OBJC_ROOT_CLASS = YES_ERROR;
				CLANG_WARN_RANGE_LOOP_ANALYSIS = YES;
				CLANG_WARN_STRICT_PROTOTYPES = YES;
				CLANG_WARN_SUSPICIOUS_MOVE = YES;
				CLANG_WARN_UNGUARDED_AVAILABILITY = YES_AGGRESSIVE;
				CLANG_WARN_UNREACHABLE_CODE = YES;
				CLANG_WARN__DUPLICATE_METHOD_MATCH = YES;
				COPY_PHASE_STRIP = NO;
				DEBUG_INFORMATION_FORMAT = dwarf;
				ENABLE_STRICT_OBJC_MSGSEND = YES;
				ENABLE_TESTABILITY = YES;
				GCC_C_LANGUAGE_STANDARD = gnu11;
				GCC_DYNAMIC_NO_PIC = NO;
				GCC_NO_COMMON_BLOCKS = YES;
				GCC_OPTIMIZATION_LEVEL = 0;
				GCC_PREPROCESSOR_DEFINITIONS = (
					"DEBUG=1",
					"$(inherited)",
				);
				GCC_WARN_64_TO_32_BIT_CONVERSION = YES;
				GCC_WARN_ABOUT_RETURN_TYPE = YES_ERROR;
				GCC_WARN_UNDECLARED_SELECTOR = YES;
				GCC_WARN_UNINITIALIZED_AUTOS = YES_AGGRESSIVE;
				GCC_WARN_UNUSED_FUNCTION = YES;
				GCC_WARN_UNUSED_VARIABLE = YES;
				IPHONEOS_DEPLOYMENT_TARGET = 13.2;
				MTL_ENABLE_DEBUG_INFO = INCLUDE_SOURCE;
				MTL_FAST_MATH = YES;
				ONLY_ACTIVE_ARCH = YES;
				SDKROOT = iphoneos;
			};
			name = Debug;
		};
		67355D49242A97E000F4B47C /* Release */ = {
			isa = XCBuildConfiguration;
			buildSettings = {
				ALWAYS_SEARCH_USER_PATHS = NO;
				CLANG_ANALYZER_NONNULL = YES;
				CLANG_ANALYZER_NUMBER_OBJECT_CONVERSION = YES_AGGRESSIVE;
				CLANG_CXX_LANGUAGE_STANDARD = "gnu++14";
				CLANG_CXX_LIBRARY = "libc++";
				CLANG_ENABLE_MODULES = YES;
				CLANG_ENABLE_OBJC_ARC = YES;
				CLANG_ENABLE_OBJC_WEAK = YES;
				CLANG_WARN_BLOCK_CAPTURE_AUTORELEASING = YES;
				CLANG_WARN_BOOL_CONVERSION = YES;
				CLANG_WARN_COMMA = YES;
				CLANG_WARN_CONSTANT_CONVERSION = YES;
				CLANG_WARN_DEPRECATED_OBJC_IMPLEMENTATIONS = YES;
				CLANG_WARN_DIRECT_OBJC_ISA_USAGE = YES_ERROR;
				CLANG_WARN_DOCUMENTATION_COMMENTS = YES;
				CLANG_WARN_EMPTY_BODY = YES;
				CLANG_WARN_ENUM_CONVERSION = YES;
				CLANG_WARN_INFINITE_RECURSION = YES;
				CLANG_WARN_INT_CONVERSION = YES;
				CLANG_WARN_NON_LITERAL_NULL_CONVERSION = YES;
				CLANG_WARN_OBJC_IMPLICIT_RETAIN_SELF = YES;
				CLANG_WARN_OBJC_LITERAL_CONVERSION = YES;
				CLANG_WARN_OBJC_ROOT_CLASS = YES_ERROR;
				CLANG_WARN_RANGE_LOOP_ANALYSIS = YES;
				CLANG_WARN_STRICT_PROTOTYPES = YES;
				CLANG_WARN_SUSPICIOUS_MOVE = YES;
				CLANG_WARN_UNGUARDED_AVAILABILITY = YES_AGGRESSIVE;
				CLANG_WARN_UNREACHABLE_CODE = YES;
				CLANG_WARN__DUPLICATE_METHOD_MATCH = YES;
				COPY_PHASE_STRIP = NO;
				DEBUG_INFORMATION_FORMAT = "dwarf-with-dsym";
				ENABLE_NS_ASSERTIONS = NO;
				ENABLE_STRICT_OBJC_MSGSEND = YES;
				GCC_C_LANGUAGE_STANDARD = gnu11;
				GCC_NO_COMMON_BLOCKS = YES;
				GCC_WARN_64_TO_32_BIT_CONVERSION = YES;
				GCC_WARN_ABOUT_RETURN_TYPE = YES_ERROR;
				GCC_WARN_UNDECLARED_SELECTOR = YES;
				GCC_WARN_UNINITIALIZED_AUTOS = YES_AGGRESSIVE;
				GCC_WARN_UNUSED_FUNCTION = YES;
				GCC_WARN_UNUSED_VARIABLE = YES;
				IPHONEOS_DEPLOYMENT_TARGET = 13.2;
				MTL_ENABLE_DEBUG_INFO = NO;
				MTL_FAST_MATH = YES;
				SDKROOT = iphoneos;
				VALIDATE_PRODUCT = YES;
			};
			name = Release;
		};
		67355D4B242A97E000F4B47C /* Debug */ = {
			isa = XCBuildConfiguration;
			buildSettings = {
				ASSETCATALOG_COMPILER_APPICON_NAME = AppIcon;
				CODE_SIGN_STYLE = Automatic;
				INFOPLIST_FILE = EX2/Info.plist;
				LD_RUNPATH_SEARCH_PATHS = (
					"$(inherited)",
					"@executable_path/Frameworks",
				);
				PRODUCT_BUNDLE_IDENTIFIER = mobits.EX2;
				PRODUCT_NAME = "$(TARGET_NAME)";
				TARGETED_DEVICE_FAMILY = "1,2";
			};
			name = Debug;
		};
		67355D4C242A97E000F4B47C /* Release */ = {
			isa = XCBuildConfiguration;
			buildSettings = {
				ASSETCATALOG_COMPILER_APPICON_NAME = AppIcon;
				CODE_SIGN_STYLE = Automatic;
				INFOPLIST_FILE = EX2/Info.plist;
				LD_RUNPATH_SEARCH_PATHS = (
					"$(inherited)",
					"@executable_path/Frameworks",
				);
				PRODUCT_BUNDLE_IDENTIFIER = mobits.EX2;
				PRODUCT_NAME = "$(TARGET_NAME)";
				TARGETED_DEVICE_FAMILY = "1,2";
			};
			name = Release;
		};
		67355D4E242A97E000F4B47C /* Debug */ = {
			isa = XCBuildConfiguration;
			buildSettings = {
				BUNDLE_LOADER = "$(TEST_HOST)";
				CODE_SIGN_STYLE = Automatic;
				INFOPLIST_FILE = EX2Tests/Info.plist;
				IPHONEOS_DEPLOYMENT_TARGET = 13.2;
				LD_RUNPATH_SEARCH_PATHS = (
					"$(inherited)",
					"@executable_path/Frameworks",
					"@loader_path/Frameworks",
				);
				PRODUCT_BUNDLE_IDENTIFIER = mobits.EX2Tests;
				PRODUCT_NAME = "$(TARGET_NAME)";
				TARGETED_DEVICE_FAMILY = "1,2";
				TEST_HOST = "$(BUILT_PRODUCTS_DIR)/EX2.app/EX2";
			};
			name = Debug;
		};
		67355D4F242A97E000F4B47C /* Release */ = {
			isa = XCBuildConfiguration;
			buildSettings = {
				BUNDLE_LOADER = "$(TEST_HOST)";
				CODE_SIGN_STYLE = Automatic;
				INFOPLIST_FILE = EX2Tests/Info.plist;
				IPHONEOS_DEPLOYMENT_TARGET = 13.2;
				LD_RUNPATH_SEARCH_PATHS = (
					"$(inherited)",
					"@executable_path/Frameworks",
					"@loader_path/Frameworks",
				);
				PRODUCT_BUNDLE_IDENTIFIER = mobits.EX2Tests;
				PRODUCT_NAME = "$(TARGET_NAME)";
				TARGETED_DEVICE_FAMILY = "1,2";
				TEST_HOST = "$(BUILT_PRODUCTS_DIR)/EX2.app/EX2";
			};
			name = Release;
		};
		67355D51242A97E000F4B47C /* Debug */ = {
			isa = XCBuildConfiguration;
			buildSettings = {
				CODE_SIGN_STYLE = Automatic;
				INFOPLIST_FILE = EX2UITests/Info.plist;
				LD_RUNPATH_SEARCH_PATHS = (
					"$(inherited)",
					"@executable_path/Frameworks",
					"@loader_path/Frameworks",
				);
				PRODUCT_BUNDLE_IDENTIFIER = mobits.EX2UITests;
				PRODUCT_NAME = "$(TARGET_NAME)";
				TARGETED_DEVICE_FAMILY = "1,2";
				TEST_TARGET_NAME = EX2;
			};
			name = Debug;
		};
		67355D52242A97E000F4B47C /* Release */ = {
			isa = XCBuildConfiguration;
			buildSettings = {
				CODE_SIGN_STYLE = Automatic;
				INFOPLIST_FILE = EX2UITests/Info.plist;
				LD_RUNPATH_SEARCH_PATHS = (
					"$(inherited)",
					"@executable_path/Frameworks",
					"@loader_path/Frameworks",
				);
				PRODUCT_BUNDLE_IDENTIFIER = mobits.EX2UITests;
				PRODUCT_NAME = "$(TARGET_NAME)";
				TARGETED_DEVICE_FAMILY = "1,2";
				TEST_TARGET_NAME = EX2;
			};
			name = Release;
		};
/* End XCBuildConfiguration section */

/* Begin XCConfigurationList section */
		67355D16242A97DF00F4B47C /* Build configuration list for PBXProject "EX2" */ = {
			isa = XCConfigurationList;
			buildConfigurations = (
				67355D48242A97E000F4B47C /* Debug */,
				67355D49242A97E000F4B47C /* Release */,
			);
			defaultConfigurationIsVisible = 0;
			defaultConfigurationName = Release;
		};
		67355D4A242A97E000F4B47C /* Build configuration list for PBXNativeTarget "EX2" */ = {
			isa = XCConfigurationList;
			buildConfigurations = (
				67355D4B242A97E000F4B47C /* Debug */,
				67355D4C242A97E000F4B47C /* Release */,
			);
			defaultConfigurationIsVisible = 0;
			defaultConfigurationName = Release;
		};
		67355D4D242A97E000F4B47C /* Build configuration list for PBXNativeTarget "EX2Tests" */ = {
			isa = XCConfigurationList;
			buildConfigurations = (
				67355D4E242A97E000F4B47C /* Debug */,
				67355D4F242A97E000F4B47C /* Release */,
			);
			defaultConfigurationIsVisible = 0;
			defaultConfigurationName = Release;
		};
		67355D50242A97E000F4B47C /* Build configuration list for PBXNativeTarget "EX2UITests" */ = {
			isa = XCConfigurationList;
			buildConfigurations = (
				67355D51242A97E000F4B47C /* Debug */,
				67355D52242A97E000F4B47C /* Release */,
			);
			defaultConfigurationIsVisible = 0;
			defaultConfigurationName = Release;
		};
/* End XCConfigurationList section */
	};
	rootObject = 67355D13242A97DF00F4B47C /* Project object */;
}
